
Microsoft Visual Studio Solution File, Format Version 12.00
# Visual Studio Version 17
VisualStudioVersion = 17.7.34031.279
MinimumVisualStudioVersion = 10.0.40219.1
Project("{FAE04EC0-301F-11D3-BF4B-00C04F79EFBC}") = "DiscountSorter", "DiscountSorter\DiscountSorter.csproj", "{EEA0D5EC-44D7-467A-940A-71CEADADCAFB}"
EndProject
Global
	GlobalSection(SolutionConfigurationPlatforms) = preSolution
		Debug|Any CPU = Debug|Any CPU
		Release|Any CPU = Release|Any CPU
	EndGlobalSection
	GlobalSection(ProjectConfigurationPlatforms) = postSolution
		{EEA0D5EC-44D7-467A-940A-71CEADADCAFB}.Debug|Any CPU.ActiveCfg = Debug|Any CPU
		{EEA0D5EC-44D7-467A-940A-71CEADADCAFB}.Debug|Any CPU.Build.0 = Debug|Any CPU
		{EEA0D5EC-44D7-467A-940A-71CEADADCAFB}.Release|Any CPU.ActiveCfg = Release|Any CPU
		{EEA0D5EC-44D7-467A-940A-71CEADADCAFB}.Release|Any CPU.Build.0 = Release|Any CPU
	EndGlobalSection
	GlobalSection(SolutionProperties) = preSolution
		HideSolutionNode = FALSE
	EndGlobalSection
	GlobalSection(ExtensibilityGlobals) = postSolution
		SolutionGuid = {73D78472-F079-44F9-9EB8-C47701C3DD88}
	EndGlobalSection
EndGlobal
